// !$*UTF8*$!
{
	archiveVersion = 1;
	classes = {
	};
	objectVersion = 46;
	objects = {

/* Begin PBXBuildFile section */
		BA9835BC21575EA600686948 /* AppDelegate.swift in Sources */ = {isa = PBXBuildFile; fileRef = BA9835BB21575EA600686948 /* AppDelegate.swift */; };
		BA9835BE21575EA600686948 /* ViewController.swift in Sources */ = {isa = PBXBuildFile; fileRef = BA9835BD21575EA600686948 /* ViewController.swift */; };
		BA9835C121575EA600686948 /* Main.storyboard in Resources */ = {isa = PBXBuildFile; fileRef = BA9835BF21575EA600686948 /* Main.storyboard */; };
		BA9835C321575EA600686948 /* Assets.xcassets in Resources */ = {isa = PBXBuildFile; fileRef = BA9835C221575EA600686948 /* Assets.xcassets */; };
		BA9835C621575EA600686948 /* LaunchScreen.storyboard in Resources */ = {isa = PBXBuildFile; fileRef = BA9835C421575EA600686948 /* LaunchScreen.storyboard */; };
		BA9835D121575EA600686948 /* DrawToolTests.swift in Sources */ = {isa = PBXBuildFile; fileRef = BA9835D021575EA600686948 /* DrawToolTests.swift */; };
		BA9835DC21575EA600686948 /* DrawToolUITests.swift in Sources */ = {isa = PBXBuildFile; fileRef = BA9835DB21575EA600686948 /* DrawToolUITests.swift */; };
/* End PBXBuildFile section */

/* Begin PBXContainerItemProxy section */
		BA9835CD21575EA600686948 /* PBXContainerItemProxy */ = {
			isa = PBXContainerItemProxy;
			containerPortal = BA9835B021575EA600686948 /* Project object */;
			proxyType = 1;
			remoteGlobalIDString = BA9835B721575EA600686948;
			remoteInfo = DrawTool;
		};
		BA9835D821575EA600686948 /* PBXContainerItemProxy */ = {
			isa = PBXContainerItemProxy;
			containerPortal = BA9835B021575EA600686948 /* Project object */;
			proxyType = 1;
			remoteGlobalIDString = BA9835B721575EA600686948;
			remoteInfo = DrawTool;
		};
/* End PBXContainerItemProxy section */

/* Begin PBXFileReference section */
		BA9835B821575EA600686948 /* DrawTool.app */ = {isa = PBXFileReference; explicitFileType = wrapper.application; includeInIndex = 0; path = DrawTool.app; sourceTree = BUILT_PRODUCTS_DIR; };
		BA9835BB21575EA600686948 /* AppDelegate.swift */ = {isa = PBXFileReference; lastKnownFileType = sourcecode.swift; path = AppDelegate.swift; sourceTree = "<group>"; };
		BA9835BD21575EA600686948 /* ViewController.swift */ = {isa = PBXFileReference; lastKnownFileType = sourcecode.swift; path = ViewController.swift; sourceTree = "<group>"; };
		BA9835C021575EA600686948 /* Base */ = {isa = PBXFileReference; lastKnownFileType = file.storyboard; name = Base; path = Base.lproj/Main.storyboard; sourceTree = "<group>"; };
		BA9835C221575EA600686948 /* Assets.xcassets */ = {isa = PBXFileReference; lastKnownFileType = folder.assetcatalog; path = Assets.xcassets; sourceTree = "<group>"; };
		BA9835C521575EA600686948 /* Base */ = {isa = PBXFileReference; lastKnownFileType = file.storyboard; name = Base; path = Base.lproj/LaunchScreen.storyboard; sourceTree = "<group>"; };
		BA9835C721575EA600686948 /* Info.plist */ = {isa = PBXFileReference; lastKnownFileType = text.plist.xml; path = Info.plist; sourceTree = "<group>"; };
		BA9835CC21575EA600686948 /* DrawToolTests.xctest */ = {isa = PBXFileReference; explicitFileType = wrapper.cfbundle; includeInIndex = 0; path = DrawToolTests.xctest; sourceTree = BUILT_PRODUCTS_DIR; };
		BA9835D021575EA600686948 /* DrawToolTests.swift */ = {isa = PBXFileReference; lastKnownFileType = sourcecode.swift; path = DrawToolTests.swift; sourceTree = "<group>"; };
		BA9835D221575EA600686948 /* Info.plist */ = {isa = PBXFileReference; lastKnownFileType = text.plist.xml; path = Info.plist; sourceTree = "<group>"; };
		BA9835D721575EA600686948 /* DrawToolUITests.xctest */ = {isa = PBXFileReference; explicitFileType = wrapper.cfbundle; includeInIndex = 0; path = DrawToolUITests.xctest; sourceTree = BUILT_PRODUCTS_DIR; };
		BA9835DB21575EA600686948 /* DrawToolUITests.swift */ = {isa = PBXFileReference; lastKnownFileType = sourcecode.swift; path = DrawToolUITests.swift; sourceTree = "<group>"; };
		BA9835DD21575EA600686948 /* Info.plist */ = {isa = PBXFileReference; lastKnownFileType = text.plist.xml; path = Info.plist; sourceTree = "<group>"; };
/* End PBXFileReference section */

/* Begin PBXFrameworksBuildPhase section */
		BA9835B521575EA600686948 /* Frameworks */ = {
			isa = PBXFrameworksBuildPhase;
			buildActionMask = 2147483647;
			files = (
			);
			runOnlyForDeploymentPostprocessing = 0;
		};
		BA9835C921575EA600686948 /* Frameworks */ = {
			isa = PBXFrameworksBuildPhase;
			buildActionMask = 2147483647;
			files = (
			);
			runOnlyForDeploymentPostprocessing = 0;
		};
		BA9835D421575EA600686948 /* Frameworks */ = {
			isa = PBXFrameworksBuildPhase;
			buildActionMask = 2147483647;
			files = (
			);
			runOnlyForDeploymentPostprocessing = 0;
		};
/* End PBXFrameworksBuildPhase section */

/* Begin PBXGroup section */
		BA9835AF21575EA600686948 = {
			isa = PBXGroup;
			children = (
				BA9835BA21575EA600686948 /* DrawTool */,
				BA9835CF21575EA600686948 /* DrawToolTests */,
				BA9835DA21575EA600686948 /* DrawToolUITests */,
				BA9835B921575EA600686948 /* Products */,
			);
			sourceTree = "<group>";
		};
		BA9835B921575EA600686948 /* Products */ = {
			isa = PBXGroup;
			children = (
				BA9835B821575EA600686948 /* DrawTool.app */,
				BA9835CC21575EA600686948 /* DrawToolTests.xctest */,
				BA9835D721575EA600686948 /* DrawToolUITests.xctest */,
			);
			name = Products;
			sourceTree = "<group>";
		};
		BA9835BA21575EA600686948 /* DrawTool */ = {
			isa = PBXGroup;
			children = (
				BA9835BB21575EA600686948 /* AppDelegate.swift */,
				BA9835BD21575EA600686948 /* ViewController.swift */,
				BA9835BF21575EA600686948 /* Main.storyboard */,
				BA9835C221575EA600686948 /* Assets.xcassets */,
				BA9835C421575EA600686948 /* LaunchScreen.storyboard */,
				BA9835C721575EA600686948 /* Info.plist */,
			);
			path = DrawTool;
			sourceTree = "<group>";
		};
		BA9835CF21575EA600686948 /* DrawToolTests */ = {
			isa = PBXGroup;
			children = (
				BA9835D021575EA600686948 /* DrawToolTests.swift */,
				BA9835D221575EA600686948 /* Info.plist */,
			);
			path = DrawToolTests;
			sourceTree = "<group>";
		};
		BA9835DA21575EA600686948 /* DrawToolUITests */ = {
			isa = PBXGroup;
			children = (
				BA9835DB21575EA600686948 /* DrawToolUITests.swift */,
				BA9835DD21575EA600686948 /* Info.plist */,
			);
			path = DrawToolUITests;
			sourceTree = "<group>";
		};
/* End PBXGroup section */

/* Begin PBXNativeTarget section */
		BA9835B721575EA600686948 /* DrawTool */ = {
			isa = PBXNativeTarget;
			buildConfigurationList = BA9835E021575EA600686948 /* Build configuration list for PBXNativeTarget "DrawTool" */;
			buildPhases = (
				BA9835B421575EA600686948 /* Sources */,
				BA9835B521575EA600686948 /* Frameworks */,
				BA9835B621575EA600686948 /* Resources */,
			);
			buildRules = (
			);
			dependencies = (
			);
			name = DrawTool;
			productName = DrawTool;
			productReference = BA9835B821575EA600686948 /* DrawTool.app */;
			productType = "com.apple.product-type.application";
		};
		BA9835CB21575EA600686948 /* DrawToolTests */ = {
			isa = PBXNativeTarget;
			buildConfigurationList = BA9835E321575EA600686948 /* Build configuration list for PBXNativeTarget "DrawToolTests" */;
			buildPhases = (
				BA9835C821575EA600686948 /* Sources */,
				BA9835C921575EA600686948 /* Frameworks */,
				BA9835CA21575EA600686948 /* Resources */,
			);
			buildRules = (
			);
			dependencies = (
				BA9835CE21575EA600686948 /* PBXTargetDependency */,
			);
			name = DrawToolTests;
			productName = DrawToolTests;
			productReference = BA9835CC21575EA600686948 /* DrawToolTests.xctest */;
			productType = "com.apple.product-type.bundle.unit-test";
		};
		BA9835D621575EA600686948 /* DrawToolUITests */ = {
			isa = PBXNativeTarget;
			buildConfigurationList = BA9835E621575EA600686948 /* Build configuration list for PBXNativeTarget "DrawToolUITests" */;
			buildPhases = (
				BA9835D321575EA600686948 /* Sources */,
				BA9835D421575EA600686948 /* Frameworks */,
				BA9835D521575EA600686948 /* Resources */,
			);
			buildRules = (
			);
			dependencies = (
				BA9835D921575EA600686948 /* PBXTargetDependency */,
			);
			name = DrawToolUITests;
			productName = DrawToolUITests;
			productReference = BA9835D721575EA600686948 /* DrawToolUITests.xctest */;
			productType = "com.apple.product-type.bundle.ui-testing";
		};
/* End PBXNativeTarget section */

/* Begin PBXProject section */
		BA9835B021575EA600686948 /* Project object */ = {
			isa = PBXProject;
			attributes = {
				LastSwiftUpdateCheck = 0730;
				LastUpgradeCheck = 0730;
				ORGANIZATIONNAME = "Rasika Patil";
				TargetAttributes = {
					BA9835B721575EA600686948 = {
						CreatedOnToolsVersion = 7.3;
					};
					BA9835CB21575EA600686948 = {
						CreatedOnToolsVersion = 7.3;
						TestTargetID = BA9835B721575EA600686948;
					};
					BA9835D621575EA600686948 = {
						CreatedOnToolsVersion = 7.3;
						TestTargetID = BA9835B721575EA600686948;
					};
				};
			};
			buildConfigurationList = BA9835B321575EA600686948 /* Build configuration list for PBXProject "DrawTool" */;
			compatibilityVersion = "Xcode 3.2";
			developmentRegion = English;
			hasScannedForEncodings = 0;
			knownRegions = (
				en,
				Base,
			);
			mainGroup = BA9835AF21575EA600686948;
			productRefGroup = BA9835B921575EA600686948 /* Products */;
			projectDirPath = "";
			projectRoot = "";
			targets = (
				BA9835B721575EA600686948 /* DrawTool */,
				BA9835CB21575EA600686948 /* DrawToolTests */,
				BA9835D621575EA600686948 /* DrawToolUITests */,
			);
		};
/* End PBXProject section */

/* Begin PBXResourcesBuildPhase section */
		BA9835B621575EA600686948 /* Resources */ = {
			isa = PBXResourcesBuildPhase;
			buildActionMask = 2147483647;
			files = (
				BA9835C621575EA600686948 /* LaunchScreen.storyboard in Resources */,
				BA9835C321575EA600686948 /* Assets.xcassets in Resources */,
				BA9835C121575EA600686948 /* Main.storyboard in Resources */,
			);
			runOnlyForDeploymentPostprocessing = 0;
		};
		BA9835CA21575EA600686948 /* Resources */ = {
			isa = PBXResourcesBuildPhase;
			buildActionMask = 2147483647;
			files = (
			);
			runOnlyForDeploymentPostprocessing = 0;
		};
		BA9835D521575EA600686948 /* Resources */ = {
			isa = PBXResourcesBuildPhase;
			buildActionMask = 2147483647;
			files = (
			);
			runOnlyForDeploymentPostprocessing = 0;
		};
/* End PBXResourcesBuildPhase section */

/* Begin PBXSourcesBuildPhase section */
		BA9835B421575EA600686948 /* Sources */ = {
			isa = PBXSourcesBuildPhase;
			buildActionMask = 2147483647;
			files = (
				BA9835BE21575EA600686948 /* ViewController.swift in Sources */,
				BA9835BC21575EA600686948 /* AppDelegate.swift in Sources */,
			);
			runOnlyForDeploymentPostprocessing = 0;
		};
		BA9835C821575EA600686948 /* Sources */ = {
			isa = PBXSourcesBuildPhase;
			buildActionMask = 2147483647;
			files = (
				BA9835D121575EA600686948 /* DrawToolTests.swift in Sources */,
			);
			runOnlyForDeploymentPostprocessing = 0;
		};
		BA9835D321575EA600686948 /* Sources */ = {
			isa = PBXSourcesBuildPhase;
			buildActionMask = 2147483647;
			files = (
				BA9835DC21575EA600686948 /* DrawToolUITests.swift in Sources */,
			);
			runOnlyForDeploymentPostprocessing = 0;
		};
/* End PBXSourcesBuildPhase section */

/* Begin PBXTargetDependency section */
		BA9835CE21575EA600686948 /* PBXTargetDependency */ = {
			isa = PBXTargetDependency;
			target = BA9835B721575EA600686948 /* DrawTool */;
			targetProxy = BA9835CD21575EA600686948 /* PBXContainerItemProxy */;
		};
		BA9835D921575EA600686948 /* PBXTargetDependency */ = {
			isa = PBXTargetDependency;
			target = BA9835B721575EA600686948 /* DrawTool */;
			targetProxy = BA9835D821575EA600686948 /* PBXContainerItemProxy */;
		};
/* End PBXTargetDependency section */

/* Begin PBXVariantGroup section */
		BA9835BF21575EA600686948 /* Main.storyboard */ = {
			isa = PBXVariantGroup;
			children = (
				BA9835C021575EA600686948 /* Base */,
			);
			name = Main.storyboard;
			sourceTree = "<group>";
		};
		BA9835C421575EA600686948 /* LaunchScreen.storyboard */ = {
			isa = PBXVariantGroup;
			children = (
				BA9835C521575EA600686948 /* Base */,
			);
			name = LaunchScreen.storyboard;
			sourceTree = "<group>";
		};
/* End PBXVariantGroup section */

/* Begin XCBuildConfiguration section */
		BA9835DE21575EA600686948 /* Debug */ = {
			isa = XCBuildConfiguration;
			buildSettings = {
				ALWAYS_SEARCH_USER_PATHS = NO;
				CLANG_ANALYZER_NONNULL = YES;
				CLANG_CXX_LANGUAGE_STANDARD = "gnu++0x";
				CLANG_CXX_LIBRARY = "libc++";
				CLANG_ENABLE_MODULES = YES;
				CLANG_ENABLE_OBJC_ARC = YES;
				CLANG_WARN_BOOL_CONVERSION = YES;
				CLANG_WARN_CONSTANT_CONVERSION = YES;
				CLANG_WARN_DIRECT_OBJC_ISA_USAGE = YES_ERROR;
				CLANG_WARN_EMPTY_BODY = YES;
				CLANG_WARN_ENUM_CONVERSION = YES;
				CLANG_WARN_INT_CONVERSION = YES;
				CLANG_WARN_OBJC_ROOT_CLASS = YES_ERROR;
				CLANG_WARN_UNREACHABLE_CODE = YES;
				CLANG_WARN__DUPLICATE_METHOD_MATCH = YES;
				"CODE_SIGN_IDENTITY[sdk=iphoneos*]" = "iPhone Developer";
				COPY_PHASE_STRIP = NO;
				DEBUG_INFORMATION_FORMAT = dwarf;
				ENABLE_STRICT_OBJC_MSGSEND = YES;
				ENABLE_TESTABILITY = YES;
				GCC_C_LANGUAGE_STANDARD = gnu99;
				GCC_DYNAMIC_NO_PIC = NO;
				GCC_NO_COMMON_BLOCKS = YES;
				GCC_OPTIMIZATION_LEVEL = 0;
				GCC_PREPROCESSOR_DEFINITIONS = (
					"DEBUG=1",
					"$(inherited)",
				);
				GCC_WARN_64_TO_32_BIT_CONVERSION = YES;
				GCC_WARN_ABOUT_RETURN_TYPE = YES_ERROR;
				GCC_WARN_UNDECLARED_SELECTOR = YES;
				GCC_WARN_UNINITIALIZED_AUTOS = YES_AGGRESSIVE;
				GCC_WARN_UNUSED_FUNCTION = YES;
				GCC_WARN_UNUSED_VARIABLE = YES;
				IPHONEOS_DEPLOYMENT_TARGET = 9.3;
				MTL_ENABLE_DEBUG_INFO = YES;
				ONLY_ACTIVE_ARCH = YES;
				SDKROOT = iphoneos;
				SWIFT_OPTIMIZATION_LEVEL = "-Onone";
			};
			name = Debug;
		};
		BA9835DF21575EA600686948 /* Release */ = {
			isa = XCBuildConfiguration;
			buildSettings = {
				ALWAYS_SEARCH_USER_PATHS = NO;
				CLANG_ANALYZER_NONNULL = YES;
				CLANG_CXX_LANGUAGE_STANDARD = "gnu++0x";
				CLANG_CXX_LIBRARY = "libc++";
				CLANG_ENABLE_MODULES = YES;
				CLANG_ENABLE_OBJC_ARC = YES;
				CLANG_WARN_BOOL_CONVERSION = YES;
				CLANG_WARN_CONSTANT_CONVERSION = YES;
				CLANG_WARN_DIRECT_OBJC_ISA_USAGE = YES_ERROR;
				CLANG_WARN_EMPTY_BODY = YES;
				CLANG_WARN_ENUM_CONVERSION = YES;
				CLANG_WARN_INT_CONVERSION = YES;
				CLANG_WARN_OBJC_ROOT_CLASS = YES_ERROR;
				CLANG_WARN_UNREACHABLE_CODE = YES;
				CLANG_WARN__DUPLICATE_METHOD_MATCH = YES;
				"CODE_SIGN_IDENTITY[sdk=iphoneos*]" = "iPhone Developer";
				COPY_PHASE_STRIP = NO;
				DEBUG_INFORMATION_FORMAT = "dwarf-with-dsym";
				ENABLE_NS_ASSERTIONS = NO;
				ENABLE_STRICT_OBJC_MSGSEND = YES;
				GCC_C_LANGUAGE_STANDARD = gnu99;
				GCC_NO_COMMON_BLOCKS = YES;
				GCC_WARN_64_TO_32_BIT_CONVERSION = YES;
				GCC_WARN_ABOUT_RETURN_TYPE = YES_ERROR;
				GCC_WARN_UNDECLARED_SELECTOR = YES;
				GCC_WARN_UNINITIALIZED_AUTOS = YES_AGGRESSIVE;
				GCC_WARN_UNUSED_FUNCTION = YES;
				GCC_WARN_UNUSED_VARIABLE = YES;
				IPHONEOS_DEPLOYMENT_TARGET = 9.3;
				MTL_ENABLE_DEBUG_INFO = NO;
				SDKROOT = iphoneos;
				VALIDATE_PRODUCT = YES;
			};
			name = Release;
		};
		BA9835E121575EA600686948 /* Debug */ = {
			isa = XCBuildConfiguration;
			buildSettings = {
				ASSETCATALOG_COMPILER_APPICON_NAME = AppIcon;
				INFOPLIST_FILE = DrawTool/Info.plist;
				LD_RUNPATH_SEARCH_PATHS = "$(inherited) @executable_path/Frameworks";
				PRODUCT_BUNDLE_IDENTIFIER = Rasika.DrawTool;
				PRODUCT_NAME = "$(TARGET_NAME)";
			};
			name = Debug;
		};
		BA9835E221575EA600686948 /* Release */ = {
			isa = XCBuildConfiguration;
			buildSettings = {
				ASSETCATALOG_COMPILER_APPICON_NAME = AppIcon;
				INFOPLIST_FILE = DrawTool/Info.plist;
				LD_RUNPATH_SEARCH_PATHS = "$(inherited) @executable_path/Frameworks";
				PRODUCT_BUNDLE_IDENTIFIER = Rasika.DrawTool;
				PRODUCT_NAME = "$(TARGET_NAME)";
			};
			name = Release;
		};
		BA9835E421575EA600686948 /* Debug */ = {
			isa = XCBuildConfiguration;
			buildSettings = {
				BUNDLE_LOADER = "$(TEST_HOST)";
				INFOPLIST_FILE = DrawToolTests/Info.plist;
				LD_RUNPATH_SEARCH_PATHS = "$(inherited) @executable_path/Frameworks @loader_path/Frameworks";
				PRODUCT_BUNDLE_IDENTIFIER = Rasika.DrawToolTests;
				PRODUCT_NAME = "$(TARGET_NAME)";
				TEST_HOST = "$(BUILT_PRODUCTS_DIR)/DrawTool.app/DrawTool";
			};
			name = Debug;
		};
		BA9835E521575EA600686948 /* Release */ = {
			isa = XCBuildConfiguration;
			buildSettings = {
				BUNDLE_LOADER = "$(TEST_HOST)";
				INFOPLIST_FILE = DrawToolTests/Info.plist;
				LD_RUNPATH_SEARCH_PATHS = "$(inherited) @executable_path/Frameworks @loader_path/Frameworks";
				PRODUCT_BUNDLE_IDENTIFIER = Rasika.DrawToolTests;
				PRODUCT_NAME = "$(TARGET_NAME)";
				TEST_HOST = "$(BUILT_PRODUCTS_DIR)/DrawTool.app/DrawTool";
			};
			name = Release;
		};
		BA9835E721575EA600686948 /* Debug */ = {
			isa = XCBuildConfiguration;
			buildSettings = {
				INFOPLIST_FILE = DrawToolUITests/Info.plist;
				LD_RUNPATH_SEARCH_PATHS = "$(inherited) @executable_path/Frameworks @loader_path/Frameworks";
				PRODUCT_BUNDLE_IDENTIFIER = Rasika.DrawToolUITests;
				PRODUCT_NAME = "$(TARGET_NAME)";
				TEST_TARGET_NAME = DrawTool;
			};
			name = Debug;
		};
		BA9835E821575EA600686948 /* Release */ = {
			isa = XCBuildConfiguration;
			buildSettings = {
				INFOPLIST_FILE = DrawToolUITests/Info.plist;
				LD_RUNPATH_SEARCH_PATHS = "$(inherited) @executable_path/Frameworks @loader_path/Frameworks";
				PRODUCT_BUNDLE_IDENTIFIER = Rasika.DrawToolUITests;
				PRODUCT_NAME = "$(TARGET_NAME)";
				TEST_TARGET_NAME = DrawTool;
			};
			name = Release;
		};
/* End XCBuildConfiguration section */

/* Begin XCConfigurationList section */
		BA9835B321575EA600686948 /* Build configuration list for PBXProject "DrawTool" */ = {
			isa = XCConfigurationList;
			buildConfigurations = (
				BA9835DE21575EA600686948 /* Debug */,
				BA9835DF21575EA600686948 /* Release */,
			);
			defaultConfigurationIsVisible = 0;
			defaultConfigurationName = Release;
		};
		BA9835E021575EA600686948 /* Build configuration list for PBXNativeTarget "DrawTool" */ = {
			isa = XCConfigurationList;
			buildConfigurations = (
				BA9835E121575EA600686948 /* Debug */,
				BA9835E221575EA600686948 /* Release */,
			);
			defaultConfigurationIsVisible = 0;
		};
		BA9835E321575EA600686948 /* Build configuration list for PBXNativeTarget "DrawToolTests" */ = {
			isa = XCConfigurationList;
			buildConfigurations = (
				BA9835E421575EA600686948 /* Debug */,
				BA9835E521575EA600686948 /* Release */,
			);
			defaultConfigurationIsVisible = 0;
		};
		BA9835E621575EA600686948 /* Build configuration list for PBXNativeTarget "DrawToolUITests" */ = {
			isa = XCConfigurationList;
			buildConfigurations = (
				BA9835E721575EA600686948 /* Debug */,
				BA9835E821575EA600686948 /* Release */,
			);
			defaultConfigurationIsVisible = 0;
		};
/* End XCConfigurationList section */
	};
	rootObject = BA9835B021575EA600686948 /* Project object */;
}
